# This file is autogenerated, do not edit; changes may be undone by the next 'dep ensure'.


[[projects]]
  branch = "master"
  name = "github.com/golang/snappy"
  packages = ["."]
  revision = "2e65f85255dbc3072edf28d6b5b8efc472979f5a"

[[projects]]
  name = "github.com/nsqio/go-nsq"
  packages = ["."]
  revision = "eee57a3ac4174c55924125bb15eeeda8cffb6e6f"
  version = "v1.0.7"

[[projects]]
  name = "github.com/openfaas-incubator/kafka-connector"
  packages = ["types"]
  revision = "e58ee14072cec74649447b394ea19fd89265390c"
  version = "0.2.1"

[[projects]]
  name = "github.com/openfaas/faas"
  packages = ["gateway/requests"]
  revision = "17a9b736fb5591eda75a58fff5f89c8a1ca68d17"
  version = "0.9.7"

[solve-meta]
  analyzer-name = "dep"
  analyzer-version = 1
  inputs-digest = "9619c573ac9c2537cba73739f900a537fb0e0cb13c1b378a8d749d265f96a90b"
  solver-name = "gps-cdcl"
  solver-version = 1
